lockfileVersion: '9.0'

settings:
  autoInstallPeers: true
  excludeLinksFromLockfile: false

importers:

  .:
    dependencies:
      fastgeotoolkit:
        specifier: file:pkg
        version: file:pkg

packages:

  fastgeotoolkit@file:pkg:
    resolution: {directory: pkg, type: directory}

snapshots:

  fastgeotoolkit@file:pkg: {}
